PODS:
  - R.swift (7.3.2)
  - Realm (10.42.1):
    - Realm/Headers (= 10.42.1)
  - Realm/Headers (10.42.1)
  - RealmSwift (10.42.1):
    - Realm (= 10.42.1)

DEPENDENCIES:
  - R.swift
  - RealmSwift

SPEC REPOS:
  trunk:
    - R.swift
    - Realm
    - RealmSwift

SPEC CHECKSUMS:
  R.swift: 0af0d882f49f03711415cb4e5215daa977d8a480
  Realm: f433b80a05f68575e88364d6fcc6234965ccc5af
  RealmSwift: 757e1416e2314f7e1543abdb2aa65b311d7b6545

PODFILE CHECKSUM: faffa4b76b078488fb0fd865f8a92a002befdcce

COCOAPODS: 1.12.1
