// !$*UTF8*$!
{
	archiveVersion = 1;
	classes = {
	};
	objectVersion = 56;
	objects = {

/* Begin PBXBuildFile section */
		549D8097DD1BB75850638B52 /* Pods_quick_reminder.framework in Frameworks */ = {isa = PBXBuildFile; fileRef = 81F7C97D343FB1B29DA8DA50 /* Pods_quick_reminder.framework */; };
		A60367D52AAF2F1E00FB5CB0 /* MockDateProvider.swift in Sources */ = {isa = PBXBuildFile; fileRef = A60367D42AAF2F1E00FB5CB0 /* MockDateProvider.swift */; };
		A66A22C42AB0413F007FE11D /* ReminderSorter.swift in Sources */ = {isa = PBXBuildFile; fileRef = A66A22C32AB0413F007FE11D /* ReminderSorter.swift */; };
		A66A22C62AB08044007FE11D /* NotificationHandler.swift in Sources */ = {isa = PBXBuildFile; fileRef = A66A22C52AB08044007FE11D /* NotificationHandler.swift */; };
		A6B4187C2AA8C0D9006A7053 /* AppDelegate.swift in Sources */ = {isa = PBXBuildFile; fileRef = A6B4187B2AA8C0D9006A7053 /* AppDelegate.swift */; };
		A6B4187E2AA8C0D9006A7053 /* SceneDelegate.swift in Sources */ = {isa = PBXBuildFile; fileRef = A6B4187D2AA8C0D9006A7053 /* SceneDelegate.swift */; };
		A6B418852AA8C0D9006A7053 /* Assets.xcassets in Resources */ = {isa = PBXBuildFile; fileRef = A6B418842AA8C0D9006A7053 /* Assets.xcassets */; };
		A6B418882AA8C0D9006A7053 /* LaunchScreen.storyboard in Resources */ = {isa = PBXBuildFile; fileRef = A6B418862AA8C0D9006A7053 /* LaunchScreen.storyboard */; };
		A6B418932AA8C6A7006A7053 /* ReminderListViewController.swift in Sources */ = {isa = PBXBuildFile; fileRef = A6B418922AA8C6A7006A7053 /* ReminderListViewController.swift */; };
		A6B418A02AAAB984006A7053 /* ReminderRepository.swift in Sources */ = {isa = PBXBuildFile; fileRef = A6B4189F2AAAB984006A7053 /* ReminderRepository.swift */; };
		A6B418A22AAADFF5006A7053 /* Reminder.swift in Sources */ = {isa = PBXBuildFile; fileRef = A6B418A12AAADFF5006A7053 /* Reminder.swift */; };
		A6B418A42AAB361C006A7053 /* ReminderListView.swift in Sources */ = {isa = PBXBuildFile; fileRef = A6B418A32AAB361C006A7053 /* ReminderListView.swift */; };
		A6B418A72AACA989006A7053 /* ReminderList.swift in Sources */ = {isa = PBXBuildFile; fileRef = A6B418A62AACA989006A7053 /* ReminderList.swift */; };
		A6B418AB2AAD85D5006A7053 /* ReminderEditViewController.swift in Sources */ = {isa = PBXBuildFile; fileRef = A6B418AA2AAD85D5006A7053 /* ReminderEditViewController.swift */; };
		A6B418AD2AAD8C40006A7053 /* ReminderEditView.swift in Sources */ = {isa = PBXBuildFile; fileRef = A6B418AC2AAD8C40006A7053 /* ReminderEditView.swift */; };
		A6B418B52AADF2E8006A7053 /* NotificationDateCalculator.swift in Sources */ = {isa = PBXBuildFile; fileRef = A6B418B42AADF2E8006A7053 /* NotificationDateCalculator.swift */; };
		A6B418C62AAEF6A7006A7053 /* NotificationDateCalculatorTests.swift in Sources */ = {isa = PBXBuildFile; fileRef = A6B418C52AAEF6A7006A7053 /* NotificationDateCalculatorTests.swift */; };
		A6B418CD2AAF1F1A006A7053 /* DateProvider.swift in Sources */ = {isa = PBXBuildFile; fileRef = A6B418CC2AAF1F1A006A7053 /* DateProvider.swift */; };
		A6C9B9202AB1AD24009F71A5 /* OldReminderRemover.swift in Sources */ = {isa = PBXBuildFile; fileRef = A6C9B91F2AB1AD24009F71A5 /* OldReminderRemover.swift */; };
		A6C9B9232AB205E8009F71A5 /* RemiderDTO.swift in Sources */ = {isa = PBXBuildFile; fileRef = A6C9B9222AB205E8009F71A5 /* RemiderDTO.swift */; };
		A6C9B9282AB2DF0B009F71A5 /* ReminderListValidator.swift in Sources */ = {isa = PBXBuildFile; fileRef = A6C9B9272AB2DF0B009F71A5 /* ReminderListValidator.swift */; };
		A6C9B9332AB32AE1009F71A5 /* Extensions.swift in Sources */ = {isa = PBXBuildFile; fileRef = A6C9B9322AB32AE1009F71A5 /* Extensions.swift */; };
/* End PBXBuildFile section */

/* Begin PBXContainerItemProxy section */
		A6B418BF2AAEF08D006A7053 /* PBXContainerItemProxy */ = {
			isa = PBXContainerItemProxy;
			containerPortal = A6B418702AA8C0D9006A7053 /* Project object */;
			proxyType = 1;
			remoteGlobalIDString = A6B418772AA8C0D9006A7053;
			remoteInfo = "quick-reminder";
		};
/* End PBXContainerItemProxy section */

/* Begin PBXFileReference section */
		494859C06A2E17347F629B0C /* Pods-quick-reminder.debug.xcconfig */ = {isa = PBXFileReference; includeInIndex = 1; lastKnownFileType = text.xcconfig; name = "Pods-quick-reminder.debug.xcconfig"; path = "Target Support Files/Pods-quick-reminder/Pods-quick-reminder.debug.xcconfig"; sourceTree = "<group>"; };
		81F7C97D343FB1B29DA8DA50 /* Pods_quick_reminder.framework */ = {isa = PBXFileReference; explicitFileType = wrapper.framework; includeInIndex = 0; path = Pods_quick_reminder.framework; sourceTree = BUILT_PRODUCTS_DIR; };
		A60367D42AAF2F1E00FB5CB0 /* MockDateProvider.swift */ = {isa = PBXFileReference; lastKnownFileType = sourcecode.swift; path = MockDateProvider.swift; sourceTree = "<group>"; };
		A66A22C32AB0413F007FE11D /* ReminderSorter.swift */ = {isa = PBXFileReference; lastKnownFileType = sourcecode.swift; path = ReminderSorter.swift; sourceTree = "<group>"; };
		A66A22C52AB08044007FE11D /* NotificationHandler.swift */ = {isa = PBXFileReference; lastKnownFileType = sourcecode.swift; path = NotificationHandler.swift; sourceTree = "<group>"; };
		A6B418782AA8C0D9006A7053 /* quick-reminder.app */ = {isa = PBXFileReference; explicitFileType = wrapper.application; includeInIndex = 0; path = "quick-reminder.app"; sourceTree = BUILT_PRODUCTS_DIR; };
		A6B4187B2AA8C0D9006A7053 /* AppDelegate.swift */ = {isa = PBXFileReference; lastKnownFileType = sourcecode.swift; path = AppDelegate.swift; sourceTree = "<group>"; };
		A6B4187D2AA8C0D9006A7053 /* SceneDelegate.swift */ = {isa = PBXFileReference; lastKnownFileType = sourcecode.swift; path = SceneDelegate.swift; sourceTree = "<group>"; };
		A6B418842AA8C0D9006A7053 /* Assets.xcassets */ = {isa = PBXFileReference; lastKnownFileType = folder.assetcatalog; path = Assets.xcassets; sourceTree = "<group>"; };
		A6B418872AA8C0D9006A7053 /* Base */ = {isa = PBXFileReference; lastKnownFileType = file.storyboard; name = Base; path = Base.lproj/LaunchScreen.storyboard; sourceTree = "<group>"; };
		A6B418892AA8C0D9006A7053 /* Info.plist */ = {isa = PBXFileReference; lastKnownFileType = text.plist.xml; path = Info.plist; sourceTree = "<group>"; };
		A6B418922AA8C6A7006A7053 /* ReminderListViewController.swift */ = {isa = PBXFileReference; lastKnownFileType = sourcecode.swift; path = ReminderListViewController.swift; sourceTree = "<group>"; };
		A6B4189F2AAAB984006A7053 /* ReminderRepository.swift */ = {isa = PBXFileReference; lastKnownFileType = sourcecode.swift; path = ReminderRepository.swift; sourceTree = "<group>"; };
		A6B418A12AAADFF5006A7053 /* Reminder.swift */ = {isa = PBXFileReference; lastKnownFileType = sourcecode.swift; path = Reminder.swift; sourceTree = "<group>"; };
		A6B418A32AAB361C006A7053 /* ReminderListView.swift */ = {isa = PBXFileReference; lastKnownFileType = sourcecode.swift; path = ReminderListView.swift; sourceTree = "<group>"; };
		A6B418A62AACA989006A7053 /* ReminderList.swift */ = {isa = PBXFileReference; lastKnownFileType = sourcecode.swift; path = ReminderList.swift; sourceTree = "<group>"; };
		A6B418AA2AAD85D5006A7053 /* ReminderEditViewController.swift */ = {isa = PBXFileReference; lastKnownFileType = sourcecode.swift; path = ReminderEditViewController.swift; sourceTree = "<group>"; };
		A6B418AC2AAD8C40006A7053 /* ReminderEditView.swift */ = {isa = PBXFileReference; lastKnownFileType = sourcecode.swift; path = ReminderEditView.swift; sourceTree = "<group>"; };
		A6B418B42AADF2E8006A7053 /* NotificationDateCalculator.swift */ = {isa = PBXFileReference; lastKnownFileType = sourcecode.swift; name = NotificationDateCalculator.swift; path = "quick-reminder/Model/NotificationDateCalculator.swift"; sourceTree = SOURCE_ROOT; };
		A6B418BB2AAEF08D006A7053 /* quick-reminderTests.xctest */ = {isa = PBXFileReference; explicitFileType = wrapper.cfbundle; includeInIndex = 0; path = "quick-reminderTests.xctest"; sourceTree = BUILT_PRODUCTS_DIR; };
		A6B418C52AAEF6A7006A7053 /* NotificationDateCalculatorTests.swift */ = {isa = PBXFileReference; lastKnownFileType = sourcecode.swift; path = NotificationDateCalculatorTests.swift; sourceTree = "<group>"; };
		A6B418CC2AAF1F1A006A7053 /* DateProvider.swift */ = {isa = PBXFileReference; lastKnownFileType = sourcecode.swift; path = DateProvider.swift; sourceTree = "<group>"; };
		A6C9B91F2AB1AD24009F71A5 /* OldReminderRemover.swift */ = {isa = PBXFileReference; lastKnownFileType = sourcecode.swift; path = OldReminderRemover.swift; sourceTree = "<group>"; };
		A6C9B9222AB205E8009F71A5 /* RemiderDTO.swift */ = {isa = PBXFileReference; lastKnownFileType = sourcecode.swift; path = RemiderDTO.swift; sourceTree = "<group>"; };
		A6C9B9272AB2DF0B009F71A5 /* ReminderListValidator.swift */ = {isa = PBXFileReference; lastKnownFileType = sourcecode.swift; path = ReminderListValidator.swift; sourceTree = "<group>"; };
		A6C9B9322AB32AE1009F71A5 /* Extensions.swift */ = {isa = PBXFileReference; lastKnownFileType = sourcecode.swift; path = Extensions.swift; sourceTree = "<group>"; };
		EC4729F079294252B4FE8A00 /* Pods-quick-reminder.release.xcconfig */ = {isa = PBXFileReference; includeInIndex = 1; lastKnownFileType = text.xcconfig; name = "Pods-quick-reminder.release.xcconfig"; path = "Target Support Files/Pods-quick-reminder/Pods-quick-reminder.release.xcconfig"; sourceTree = "<group>"; };
/* End PBXFileReference section */

/* Begin PBXFrameworksBuildPhase section */
		A6B418752AA8C0D9006A7053 /* Frameworks */ = {
			isa = PBXFrameworksBuildPhase;
			buildActionMask = 2147483647;
			files = (
				549D8097DD1BB75850638B52 /* Pods_quick_reminder.framework in Frameworks */,
			);
			runOnlyForDeploymentPostprocessing = 0;
		};
		A6B418B82AAEF08D006A7053 /* Frameworks */ = {
			isa = PBXFrameworksBuildPhase;
			buildActionMask = 2147483647;
			files = (
			);
			runOnlyForDeploymentPostprocessing = 0;
		};
/* End PBXFrameworksBuildPhase section */

/* Begin PBXGroup section */
		6FF4AFAE413AD7FB490CFB49 /* Frameworks */ = {
			isa = PBXGroup;
			children = (
				81F7C97D343FB1B29DA8DA50 /* Pods_quick_reminder.framework */,
			);
			name = Frameworks;
			sourceTree = "<group>";
		};
		A60367D32AAF2EFF00FB5CB0 /* Dummy */ = {
			isa = PBXGroup;
			children = (
				A60367D42AAF2F1E00FB5CB0 /* MockDateProvider.swift */,
			);
			path = Dummy;
			sourceTree = "<group>";
		};
		A6B4186F2AA8C0D9006A7053 = {
			isa = PBXGroup;
			children = (
				A6B4187A2AA8C0D9006A7053 /* quick-reminder */,
				A6B418BC2AAEF08D006A7053 /* quick-reminderTests */,
				A6B418792AA8C0D9006A7053 /* Products */,
				F3C6ACBD5BC14213B295D163 /* Pods */,
				6FF4AFAE413AD7FB490CFB49 /* Frameworks */,
			);
			sourceTree = "<group>";
		};
		A6B418792AA8C0D9006A7053 /* Products */ = {
			isa = PBXGroup;
			children = (
				A6B418782AA8C0D9006A7053 /* quick-reminder.app */,
				A6B418BB2AAEF08D006A7053 /* quick-reminderTests.xctest */,
			);
			name = Products;
			sourceTree = "<group>";
		};
		A6B4187A2AA8C0D9006A7053 /* quick-reminder */ = {
			isa = PBXGroup;
			children = (
				A6C9B92F2AB3227B009F71A5 /* Repository */,
				A6B4188F2AA8C4C4006A7053 /* Model */,
				A6C9B9292AB32196009F71A5 /* ReminderListView */,
				A6C9B92B2AB321EF009F71A5 /* ReminderEditView */,
				A6B418B62AADF3D1006A7053 /* Util */,
				A6B418942AA8C842006A7053 /* Delegate */,
				A6B418842AA8C0D9006A7053 /* Assets.xcassets */,
				A6B418862AA8C0D9006A7053 /* LaunchScreen.storyboard */,
				A6B418892AA8C0D9006A7053 /* Info.plist */,
			);
			path = "quick-reminder";
			sourceTree = "<group>";
		};
		A6B4188F2AA8C4C4006A7053 /* Model */ = {
			isa = PBXGroup;
			children = (
				A6B418A12AAADFF5006A7053 /* Reminder.swift */,
				A6B418B42AADF2E8006A7053 /* NotificationDateCalculator.swift */,
			);
			path = Model;
			sourceTree = "<group>";
		};
		A6B418942AA8C842006A7053 /* Delegate */ = {
			isa = PBXGroup;
			children = (
				A6B4187D2AA8C0D9006A7053 /* SceneDelegate.swift */,
				A6B4187B2AA8C0D9006A7053 /* AppDelegate.swift */,
			);
			path = Delegate;
			sourceTree = "<group>";
		};
		A6B418B62AADF3D1006A7053 /* Util */ = {
			isa = PBXGroup;
			children = (
				A6B418CC2AAF1F1A006A7053 /* DateProvider.swift */,
				A6C9B9322AB32AE1009F71A5 /* Extensions.swift */,
			);
			path = Util;
			sourceTree = "<group>";
		};
		A6B418BC2AAEF08D006A7053 /* quick-reminderTests */ = {
			isa = PBXGroup;
			children = (
				A60367D32AAF2EFF00FB5CB0 /* Dummy */,
				A6B418C42AAEF66D006A7053 /* Util */,
			);
			path = "quick-reminderTests";
			sourceTree = "<group>";
		};
		A6B418C42AAEF66D006A7053 /* Util */ = {
			isa = PBXGroup;
			children = (
				A6B418C52AAEF6A7006A7053 /* NotificationDateCalculatorTests.swift */,
			);
			path = Util;
			sourceTree = "<group>";
		};
		A6C9B9292AB32196009F71A5 /* ReminderListView */ = {
			isa = PBXGroup;
			children = (
				A6C9B9312AB327F4009F71A5 /* Model */,
				A6C9B92A2AB321CE009F71A5 /* Controller */,
				A6C9B92D2AB32203009F71A5 /* View */,
			);
			path = ReminderListView;
			sourceTree = "<group>";
		};
		A6C9B92A2AB321CE009F71A5 /* Controller */ = {
			isa = PBXGroup;
			children = (
				A6B418922AA8C6A7006A7053 /* ReminderListViewController.swift */,
				A66A22C52AB08044007FE11D /* NotificationHandler.swift */,
			);
			path = Controller;
			sourceTree = "<group>";
		};
		A6C9B92B2AB321EF009F71A5 /* ReminderEditView */ = {
			isa = PBXGroup;
			children = (
				A6C9B92C2AB321FF009F71A5 /* Controller */,
				A6C9B92E2AB3220A009F71A5 /* View */,
			);
			path = ReminderEditView;
			sourceTree = "<group>";
		};
		A6C9B92C2AB321FF009F71A5 /* Controller */ = {
			isa = PBXGroup;
			children = (
				A6B418AA2AAD85D5006A7053 /* ReminderEditViewController.swift */,
			);
			path = Controller;
			sourceTree = "<group>";
		};
		A6C9B92D2AB32203009F71A5 /* View */ = {
			isa = PBXGroup;
			children = (
				A6B418A32AAB361C006A7053 /* ReminderListView.swift */,
			);
			path = View;
			sourceTree = "<group>";
		};
		A6C9B92E2AB3220A009F71A5 /* View */ = {
			isa = PBXGroup;
			children = (
				A6B418AC2AAD8C40006A7053 /* ReminderEditView.swift */,
			);
			path = View;
			sourceTree = "<group>";
		};
		A6C9B92F2AB3227B009F71A5 /* Repository */ = {
			isa = PBXGroup;
			children = (
				A6C9B9222AB205E8009F71A5 /* RemiderDTO.swift */,
				A6B4189F2AAAB984006A7053 /* ReminderRepository.swift */,
			);
			path = Repository;
			sourceTree = "<group>";
		};
		A6C9B9302AB322B4009F71A5 /* ReminderList */ = {
			isa = PBXGroup;
			children = (
				A6B418A62AACA989006A7053 /* ReminderList.swift */,
				A6C9B9272AB2DF0B009F71A5 /* ReminderListValidator.swift */,
				A66A22C32AB0413F007FE11D /* ReminderSorter.swift */,
			);
			path = ReminderList;
			sourceTree = "<group>";
		};
		A6C9B9312AB327F4009F71A5 /* Model */ = {
			isa = PBXGroup;
			children = (
				A6C9B9302AB322B4009F71A5 /* ReminderList */,
				A6C9B91F2AB1AD24009F71A5 /* OldReminderRemover.swift */,
			);
			path = Model;
			sourceTree = "<group>";
		};
		F3C6ACBD5BC14213B295D163 /* Pods */ = {
			isa = PBXGroup;
			children = (
				494859C06A2E17347F629B0C /* Pods-quick-reminder.debug.xcconfig */,
				EC4729F079294252B4FE8A00 /* Pods-quick-reminder.release.xcconfig */,
			);
			path = Pods;
			sourceTree = "<group>";
		};
/* End PBXGroup section */

/* Begin PBXNativeTarget section */
		A6B418772AA8C0D9006A7053 /* quick-reminder */ = {
			isa = PBXNativeTarget;
			buildConfigurationList = A6B4188C2AA8C0D9006A7053 /* Build configuration list for PBXNativeTarget "quick-reminder" */;
			buildPhases = (
				E7C725113539C77CFDF960D0 /* [CP] Check Pods Manifest.lock */,
				A6B418742AA8C0D9006A7053 /* Sources */,
				A6B418752AA8C0D9006A7053 /* Frameworks */,
				A6B418762AA8C0D9006A7053 /* Resources */,
				D3E2391D8604747C2AAB11AE /* [CP] Embed Pods Frameworks */,
			);
			buildRules = (
			);
			dependencies = (
			);
			name = "quick-reminder";
			productName = "quick-reminder";
			productReference = A6B418782AA8C0D9006A7053 /* quick-reminder.app */;
			productType = "com.apple.product-type.application";
		};
		A6B418BA2AAEF08D006A7053 /* quick-reminderTests */ = {
			isa = PBXNativeTarget;
			buildConfigurationList = A6B418C12AAEF08D006A7053 /* Build configuration list for PBXNativeTarget "quick-reminderTests" */;
			buildPhases = (
				A6B418B72AAEF08D006A7053 /* Sources */,
				A6B418B82AAEF08D006A7053 /* Frameworks */,
				A6B418B92AAEF08D006A7053 /* Resources */,
			);
			buildRules = (
			);
			dependencies = (
				A6B418C02AAEF08D006A7053 /* PBXTargetDependency */,
			);
			name = "quick-reminderTests";
			productName = "quick-reminderTests";
			productReference = A6B418BB2AAEF08D006A7053 /* quick-reminderTests.xctest */;
			productType = "com.apple.product-type.bundle.unit-test";
		};
/* End PBXNativeTarget section */

/* Begin PBXProject section */
		A6B418702AA8C0D9006A7053 /* Project object */ = {
			isa = PBXProject;
			attributes = {
				BuildIndependentTargetsInParallel = 1;
				LastSwiftUpdateCheck = 1430;
				LastUpgradeCheck = 1430;
				TargetAttributes = {
					A6B418772AA8C0D9006A7053 = {
						CreatedOnToolsVersion = 14.3;
					};
					A6B418BA2AAEF08D006A7053 = {
						CreatedOnToolsVersion = 14.3;
						TestTargetID = A6B418772AA8C0D9006A7053;
					};
				};
			};
			buildConfigurationList = A6B418732AA8C0D9006A7053 /* Build configuration list for PBXProject "quick-reminder" */;
			compatibilityVersion = "Xcode 14.0";
			developmentRegion = en;
			hasScannedForEncodings = 0;
			knownRegions = (
				en,
				Base,
			);
			mainGroup = A6B4186F2AA8C0D9006A7053;
			productRefGroup = A6B418792AA8C0D9006A7053 /* Products */;
			projectDirPath = "";
			projectRoot = "";
			targets = (
				A6B418772AA8C0D9006A7053 /* quick-reminder */,
				A6B418BA2AAEF08D006A7053 /* quick-reminderTests */,
			);
		};
/* End PBXProject section */

/* Begin PBXResourcesBuildPhase section */
		A6B418762AA8C0D9006A7053 /* Resources */ = {
			isa = PBXResourcesBuildPhase;
			buildActionMask = 2147483647;
			files = (
				A6B418882AA8C0D9006A7053 /* LaunchScreen.storyboard in Resources */,
				A6B418852AA8C0D9006A7053 /* Assets.xcassets in Resources */,
			);
			runOnlyForDeploymentPostprocessing = 0;
		};
		A6B418B92AAEF08D006A7053 /* Resources */ = {
			isa = PBXResourcesBuildPhase;
			buildActionMask = 2147483647;
			files = (
			);
			runOnlyForDeploymentPostprocessing = 0;
		};
/* End PBXResourcesBuildPhase section */

/* Begin PBXShellScriptBuildPhase section */
		D3E2391D8604747C2AAB11AE /* [CP] Embed Pods Frameworks */ = {
			isa = PBXShellScriptBuildPhase;
			buildActionMask = 2147483647;
			files = (
			);
			inputFileListPaths = (
				"${PODS_ROOT}/Target Support Files/Pods-quick-reminder/Pods-quick-reminder-frameworks-${CONFIGURATION}-input-files.xcfilelist",
			);
			name = "[CP] Embed Pods Frameworks";
			outputFileListPaths = (
				"${PODS_ROOT}/Target Support Files/Pods-quick-reminder/Pods-quick-reminder-frameworks-${CONFIGURATION}-output-files.xcfilelist",
			);
			runOnlyForDeploymentPostprocessing = 0;
			shellPath = /bin/sh;
			shellScript = "\"${PODS_ROOT}/Target Support Files/Pods-quick-reminder/Pods-quick-reminder-frameworks.sh\"\n";
			showEnvVarsInLog = 0;
		};
		E7C725113539C77CFDF960D0 /* [CP] Check Pods Manifest.lock */ = {
			isa = PBXShellScriptBuildPhase;
			buildActionMask = 2147483647;
			files = (
			);
			inputFileListPaths = (
			);
			inputPaths = (
				"${PODS_PODFILE_DIR_PATH}/Podfile.lock",
				"${PODS_ROOT}/Manifest.lock",
			);
			name = "[CP] Check Pods Manifest.lock";
			outputFileListPaths = (
			);
			outputPaths = (
				"$(DERIVED_FILE_DIR)/Pods-quick-reminder-checkManifestLockResult.txt",
			);
			runOnlyForDeploymentPostprocessing = 0;
			shellPath = /bin/sh;
			shellScript = "diff \"${PODS_PODFILE_DIR_PATH}/Podfile.lock\" \"${PODS_ROOT}/Manifest.lock\" > /dev/null\nif [ $? != 0 ] ; then\n    # print error to STDERR\n    echo \"error: The sandbox is not in sync with the Podfile.lock. Run 'pod install' or update your CocoaPods installation.\" >&2\n    exit 1\nfi\n# This output is used by Xcode 'outputs' to avoid re-running this script phase.\necho \"SUCCESS\" > \"${SCRIPT_OUTPUT_FILE_0}\"\n";
			showEnvVarsInLog = 0;
		};
/* End PBXShellScriptBuildPhase section */

/* Begin PBXSourcesBuildPhase section */
		A6B418742AA8C0D9006A7053 /* Sources */ = {
			isa = PBXSourcesBuildPhase;
			buildActionMask = 2147483647;
			files = (
				A66A22C42AB0413F007FE11D /* ReminderSorter.swift in Sources */,
				A6B418A42AAB361C006A7053 /* ReminderListView.swift in Sources */,
				A6B418A72AACA989006A7053 /* ReminderList.swift in Sources */,
				A6B418AD2AAD8C40006A7053 /* ReminderEditView.swift in Sources */,
				A6B418CD2AAF1F1A006A7053 /* DateProvider.swift in Sources */,
				A6B418932AA8C6A7006A7053 /* ReminderListViewController.swift in Sources */,
				A6B418B52AADF2E8006A7053 /* NotificationDateCalculator.swift in Sources */,
				A6B418A02AAAB984006A7053 /* ReminderRepository.swift in Sources */,
				A6C9B9232AB205E8009F71A5 /* RemiderDTO.swift in Sources */,
				A6B418AB2AAD85D5006A7053 /* ReminderEditViewController.swift in Sources */,
				A6B418A22AAADFF5006A7053 /* Reminder.swift in Sources */,
				A6B4187C2AA8C0D9006A7053 /* AppDelegate.swift in Sources */,
				A6B4187E2AA8C0D9006A7053 /* SceneDelegate.swift in Sources */,
				A6C9B9202AB1AD24009F71A5 /* OldReminderRemover.swift in Sources */,
				A6C9B9332AB32AE1009F71A5 /* Extensions.swift in Sources */,
				A6C9B9282AB2DF0B009F71A5 /* ReminderListValidator.swift in Sources */,
				A66A22C62AB08044007FE11D /* NotificationHandler.swift in Sources */,
			);
			runOnlyForDeploymentPostprocessing = 0;
		};
		A6B418B72AAEF08D006A7053 /* Sources */ = {
			isa = PBXSourcesBuildPhase;
			buildActionMask = 2147483647;
			files = (
				A60367D52AAF2F1E00FB5CB0 /* MockDateProvider.swift in Sources */,
				A6B418C62AAEF6A7006A7053 /* NotificationDateCalculatorTests.swift in Sources */,
			);
			runOnlyForDeploymentPostprocessing = 0;
		};
/* End PBXSourcesBuildPhase section */

/* Begin PBXTargetDependency section */
		A6B418C02AAEF08D006A7053 /* PBXTargetDependency */ = {
			isa = PBXTargetDependency;
			target = A6B418772AA8C0D9006A7053 /* quick-reminder */;
			targetProxy = A6B418BF2AAEF08D006A7053 /* PBXContainerItemProxy */;
		};
/* End PBXTargetDependency section */

/* Begin PBXVariantGroup section */
		A6B418862AA8C0D9006A7053 /* LaunchScreen.storyboard */ = {
			isa = PBXVariantGroup;
			children = (
				A6B418872AA8C0D9006A7053 /* Base */,
			);
			name = LaunchScreen.storyboard;
			sourceTree = "<group>";
		};
/* End PBXVariantGroup section */

/* Begin XCBuildConfiguration section */
		A6B4188A2AA8C0D9006A7053 /* Debug */ = {
			isa = XCBuildConfiguration;
			buildSettings = {
				ALWAYS_SEARCH_USER_PATHS = NO;
				CLANG_ANALYZER_NONNULL = YES;
				CLANG_ANALYZER_NUMBER_OBJECT_CONVERSION = YES_AGGRESSIVE;
				CLANG_CXX_LANGUAGE_STANDARD = "gnu++20";
				CLANG_ENABLE_MODULES = YES;
				CLANG_ENABLE_OBJC_ARC = YES;
				CLANG_ENABLE_OBJC_WEAK = YES;
				CLANG_WARN_BLOCK_CAPTURE_AUTORELEASING = YES;
				CLANG_WARN_BOOL_CONVERSION = YES;
				CLANG_WARN_COMMA = YES;
				CLANG_WARN_CONSTANT_CONVERSION = YES;
				CLANG_WARN_DEPRECATED_OBJC_IMPLEMENTATIONS = YES;
				CLANG_WARN_DIRECT_OBJC_ISA_USAGE = YES_ERROR;
				CLANG_WARN_DOCUMENTATION_COMMENTS = YES;
				CLANG_WARN_EMPTY_BODY = YES;
				CLANG_WARN_ENUM_CONVERSION = YES;
				CLANG_WARN_INFINITE_RECURSION = YES;
				CLANG_WARN_INT_CONVERSION = YES;
				CLANG_WARN_NON_LITERAL_NULL_CONVERSION = YES;
				CLANG_WARN_OBJC_IMPLICIT_RETAIN_SELF = YES;
				CLANG_WARN_OBJC_LITERAL_CONVERSION = YES;
				CLANG_WARN_OBJC_ROOT_CLASS = YES_ERROR;
				CLANG_WARN_QUOTED_INCLUDE_IN_FRAMEWORK_HEADER = YES;
				CLANG_WARN_RANGE_LOOP_ANALYSIS = YES;
				CLANG_WARN_STRICT_PROTOTYPES = YES;
				CLANG_WARN_SUSPICIOUS_MOVE = YES;
				CLANG_WARN_UNGUARDED_AVAILABILITY = YES_AGGRESSIVE;
				CLANG_WARN_UNREACHABLE_CODE = YES;
				CLANG_WARN__DUPLICATE_METHOD_MATCH = YES;
				COPY_PHASE_STRIP = NO;
				DEBUG_INFORMATION_FORMAT = dwarf;
				ENABLE_STRICT_OBJC_MSGSEND = YES;
				ENABLE_TESTABILITY = YES;
				GCC_C_LANGUAGE_STANDARD = gnu11;
				GCC_DYNAMIC_NO_PIC = NO;
				GCC_NO_COMMON_BLOCKS = YES;
				GCC_OPTIMIZATION_LEVEL = 0;
				GCC_PREPROCESSOR_DEFINITIONS = (
					"DEBUG=1",
					"$(inherited)",
				);
				GCC_WARN_64_TO_32_BIT_CONVERSION = YES;
				GCC_WARN_ABOUT_RETURN_TYPE = YES_ERROR;
				GCC_WARN_UNDECLARED_SELECTOR = YES;
				GCC_WARN_UNINITIALIZED_AUTOS = YES_AGGRESSIVE;
				GCC_WARN_UNUSED_FUNCTION = YES;
				GCC_WARN_UNUSED_VARIABLE = YES;
				IPHONEOS_DEPLOYMENT_TARGET = 14.0;
				MTL_ENABLE_DEBUG_INFO = INCLUDE_SOURCE;
				MTL_FAST_MATH = YES;
				ONLY_ACTIVE_ARCH = YES;
				SDKROOT = iphoneos;
				SWIFT_ACTIVE_COMPILATION_CONDITIONS = DEBUG;
				SWIFT_OPTIMIZATION_LEVEL = "-Onone";
			};
			name = Debug;
		};
		A6B4188B2AA8C0D9006A7053 /* Release */ = {
			isa = XCBuildConfiguration;
			buildSettings = {
				ALWAYS_SEARCH_USER_PATHS = NO;
				CLANG_ANALYZER_NONNULL = YES;
				CLANG_ANALYZER_NUMBER_OBJECT_CONVERSION = YES_AGGRESSIVE;
				CLANG_CXX_LANGUAGE_STANDARD = "gnu++20";
				CLANG_ENABLE_MODULES = YES;
				CLANG_ENABLE_OBJC_ARC = YES;
				CLANG_ENABLE_OBJC_WEAK = YES;
				CLANG_WARN_BLOCK_CAPTURE_AUTORELEASING = YES;
				CLANG_WARN_BOOL_CONVERSION = YES;
				CLANG_WARN_COMMA = YES;
				CLANG_WARN_CONSTANT_CONVERSION = YES;
				CLANG_WARN_DEPRECATED_OBJC_IMPLEMENTATIONS = YES;
				CLANG_WARN_DIRECT_OBJC_ISA_USAGE = YES_ERROR;
				CLANG_WARN_DOCUMENTATION_COMMENTS = YES;
				CLANG_WARN_EMPTY_BODY = YES;
				CLANG_WARN_ENUM_CONVERSION = YES;
				CLANG_WARN_INFINITE_RECURSION = YES;
				CLANG_WARN_INT_CONVERSION = YES;
				CLANG_WARN_NON_LITERAL_NULL_CONVERSION = YES;
				CLANG_WARN_OBJC_IMPLICIT_RETAIN_SELF = YES;
				CLANG_WARN_OBJC_LITERAL_CONVERSION = YES;
				CLANG_WARN_OBJC_ROOT_CLASS = YES_ERROR;
				CLANG_WARN_QUOTED_INCLUDE_IN_FRAMEWORK_HEADER = YES;
				CLANG_WARN_RANGE_LOOP_ANALYSIS = YES;
				CLANG_WARN_STRICT_PROTOTYPES = YES;
				CLANG_WARN_SUSPICIOUS_MOVE = YES;
				CLANG_WARN_UNGUARDED_AVAILABILITY = YES_AGGRESSIVE;
				CLANG_WARN_UNREACHABLE_CODE = YES;
				CLANG_WARN__DUPLICATE_METHOD_MATCH = YES;
				COPY_PHASE_STRIP = NO;
				DEBUG_INFORMATION_FORMAT = "dwarf-with-dsym";
				ENABLE_NS_ASSERTIONS = NO;
				ENABLE_STRICT_OBJC_MSGSEND = YES;
				GCC_C_LANGUAGE_STANDARD = gnu11;
				GCC_NO_COMMON_BLOCKS = YES;
				GCC_WARN_64_TO_32_BIT_CONVERSION = YES;
				GCC_WARN_ABOUT_RETURN_TYPE = YES_ERROR;
				GCC_WARN_UNDECLARED_SELECTOR = YES;
				GCC_WARN_UNINITIALIZED_AUTOS = YES_AGGRESSIVE;
				GCC_WARN_UNUSED_FUNCTION = YES;
				GCC_WARN_UNUSED_VARIABLE = YES;
				IPHONEOS_DEPLOYMENT_TARGET = 14.0;
				MTL_ENABLE_DEBUG_INFO = NO;
				MTL_FAST_MATH = YES;
				SDKROOT = iphoneos;
				SWIFT_COMPILATION_MODE = wholemodule;
				SWIFT_OPTIMIZATION_LEVEL = "-O";
				VALIDATE_PRODUCT = YES;
			};
			name = Release;
		};
		A6B4188D2AA8C0D9006A7053 /* Debug */ = {
			isa = XCBuildConfiguration;
			baseConfigurationReference = 494859C06A2E17347F629B0C /* Pods-quick-reminder.debug.xcconfig */;
			buildSettings = {
				ASSETCATALOG_COMPILER_APPICON_NAME = AppIcon;
				ASSETCATALOG_COMPILER_GLOBAL_ACCENT_COLOR_NAME = AccentColor;
				CODE_SIGN_STYLE = Automatic;
				CURRENT_PROJECT_VERSION = 1;
				DEVELOPMENT_TEAM = Q7RTLG93ZX;
				GENERATE_INFOPLIST_FILE = YES;
				INFOPLIST_FILE = "quick-reminder/Info.plist";
				INFOPLIST_KEY_UIApplicationSupportsIndirectInputEvents = YES;
				INFOPLIST_KEY_UILaunchStoryboardName = LaunchScreen;
				INFOPLIST_KEY_UISupportedInterfaceOrientations_iPad = "UIInterfaceOrientationPortrait UIInterfaceOrientationPortraitUpsideDown UIInterfaceOrientationLandscapeLeft UIInterfaceOrientationLandscapeRight";
				INFOPLIST_KEY_UISupportedInterfaceOrientations_iPhone = "UIInterfaceOrientationPortrait UIInterfaceOrientationLandscapeLeft UIInterfaceOrientationLandscapeRight";
				LD_RUNPATH_SEARCH_PATHS = (
					"$(inherited)",
					"@executable_path/Frameworks",
				);
				MARKETING_VERSION = 1.0;
				PRODUCT_BUNDLE_IDENTIFIER = "com.kakimoto.quick-reminder";
				PRODUCT_NAME = "$(TARGET_NAME)";
				SWIFT_EMIT_LOC_STRINGS = YES;
				SWIFT_VERSION = 5.0;
				TARGETED_DEVICE_FAMILY = "1,2";
			};
			name = Debug;
		};
		A6B4188E2AA8C0D9006A7053 /* Release */ = {
			isa = XCBuildConfiguration;
			baseConfigurationReference = EC4729F079294252B4FE8A00 /* Pods-quick-reminder.release.xcconfig */;
			buildSettings = {
				ASSETCATALOG_COMPILER_APPICON_NAME = AppIcon;
				ASSETCATALOG_COMPILER_GLOBAL_ACCENT_COLOR_NAME = AccentColor;
				CODE_SIGN_STYLE = Automatic;
				CURRENT_PROJECT_VERSION = 1;
				DEVELOPMENT_TEAM = Q7RTLG93ZX;
				GENERATE_INFOPLIST_FILE = YES;
				INFOPLIST_FILE = "quick-reminder/Info.plist";
				INFOPLIST_KEY_UIApplicationSupportsIndirectInputEvents = YES;
				INFOPLIST_KEY_UILaunchStoryboardName = LaunchScreen;
				INFOPLIST_KEY_UISupportedInterfaceOrientations_iPad = "UIInterfaceOrientationPortrait UIInterfaceOrientationPortraitUpsideDown UIInterfaceOrientationLandscapeLeft UIInterfaceOrientationLandscapeRight";
				INFOPLIST_KEY_UISupportedInterfaceOrientations_iPhone = "UIInterfaceOrientationPortrait UIInterfaceOrientationLandscapeLeft UIInterfaceOrientationLandscapeRight";
				LD_RUNPATH_SEARCH_PATHS = (
					"$(inherited)",
					"@executable_path/Frameworks",
				);
				MARKETING_VERSION = 1.0;
				PRODUCT_BUNDLE_IDENTIFIER = "com.kakimoto.quick-reminder";
				PRODUCT_NAME = "$(TARGET_NAME)";
				SWIFT_EMIT_LOC_STRINGS = YES;
				SWIFT_VERSION = 5.0;
				TARGETED_DEVICE_FAMILY = "1,2";
			};
			name = Release;
		};
		A6B418C22AAEF08D006A7053 /* Debug */ = {
			isa = XCBuildConfiguration;
			buildSettings = {
				BUNDLE_LOADER = "$(TEST_HOST)";
				CODE_SIGN_STYLE = Automatic;
				CURRENT_PROJECT_VERSION = 1;
				DEVELOPMENT_TEAM = Q7RTLG93ZX;
				GENERATE_INFOPLIST_FILE = YES;
				MARKETING_VERSION = 1.0;
				PRODUCT_BUNDLE_IDENTIFIER = "com.kakimoto.quick-reminderTests";
				PRODUCT_NAME = "$(TARGET_NAME)";
				SWIFT_EMIT_LOC_STRINGS = NO;
				SWIFT_VERSION = 5.0;
				TARGETED_DEVICE_FAMILY = "1,2";
				TEST_HOST = "$(BUILT_PRODUCTS_DIR)/quick-reminder.app/$(BUNDLE_EXECUTABLE_FOLDER_PATH)/quick-reminder";
			};
			name = Debug;
		};
		A6B418C32AAEF08D006A7053 /* Release */ = {
			isa = XCBuildConfiguration;
			buildSettings = {
				BUNDLE_LOADER = "$(TEST_HOST)";
				CODE_SIGN_STYLE = Automatic;
				CURRENT_PROJECT_VERSION = 1;
				DEVELOPMENT_TEAM = Q7RTLG93ZX;
				GENERATE_INFOPLIST_FILE = YES;
				MARKETING_VERSION = 1.0;
				PRODUCT_BUNDLE_IDENTIFIER = "com.kakimoto.quick-reminderTests";
				PRODUCT_NAME = "$(TARGET_NAME)";
				SWIFT_EMIT_LOC_STRINGS = NO;
				SWIFT_VERSION = 5.0;
				TARGETED_DEVICE_FAMILY = "1,2";
				TEST_HOST = "$(BUILT_PRODUCTS_DIR)/quick-reminder.app/$(BUNDLE_EXECUTABLE_FOLDER_PATH)/quick-reminder";
			};
			name = Release;
		};
/* End XCBuildConfiguration section */

/* Begin XCConfigurationList section */
		A6B418732AA8C0D9006A7053 /* Build configuration list for PBXProject "quick-reminder" */ = {
			isa = XCConfigurationList;
			buildConfigurations = (
				A6B4188A2AA8C0D9006A7053 /* Debug */,
				A6B4188B2AA8C0D9006A7053 /* Release */,
			);
			defaultConfigurationIsVisible = 0;
			defaultConfigurationName = Release;
		};
		A6B4188C2AA8C0D9006A7053 /* Build configuration list for PBXNativeTarget "quick-reminder" */ = {
			isa = XCConfigurationList;
			buildConfigurations = (
				A6B4188D2AA8C0D9006A7053 /* Debug */,
				A6B4188E2AA8C0D9006A7053 /* Release */,
			);
			defaultConfigurationIsVisible = 0;
			defaultConfigurationName = Release;
		};
		A6B418C12AAEF08D006A7053 /* Build configuration list for PBXNativeTarget "quick-reminderTests" */ = {
			isa = XCConfigurationList;
			buildConfigurations = (
				A6B418C22AAEF08D006A7053 /* Debug */,
				A6B418C32AAEF08D006A7053 /* Release */,
			);
			defaultConfigurationIsVisible = 0;
			defaultConfigurationName = Release;
		};
/* End XCConfigurationList section */
	};
	rootObject = A6B418702AA8C0D9006A7053 /* Project object */;
}
